
Microsoft Visual Studio Solution File, Format Version 12.00
# Visual Studio Version 16
VisualStudioVersion = 16.0.30413.136
MinimumVisualStudioVersion = 10.0.40219.1
Project("{FAE04EC0-301F-11D3-BF4B-00C04F79EFBC}") = "WebAPI", "WebAPI\WebAPI.csproj", "{F171FE66-8F47-4C09-B126-1D114E4F3FC9}"
EndProject
Project("{FAE04EC0-301F-11D3-BF4B-00C04F79EFBC}") = "Blazor", "Blazor\Blazor.csproj", "{8C9FBD46-A002-4907-BFD4-B9F00C4B8E65}"
EndProject
Global
	GlobalSection(SolutionConfigurationPlatforms) = preSolution
		Debug|Any CPU = Debug|Any CPU
		Release|Any CPU = Release|Any CPU
	EndGlobalSection
	GlobalSection(ProjectConfigurationPlatforms) = postSolution
		{F171FE66-8F47-4C09-B126-1D114E4F3FC9}.Debug|Any CPU.ActiveCfg = Debug|Any CPU
		{F171FE66-8F47-4C09-B126-1D114E4F3FC9}.Debug|Any CPU.Build.0 = Debug|Any CPU
		{F171FE66-8F47-4C09-B126-1D114E4F3FC9}.Release|Any CPU.ActiveCfg = Release|Any CPU
		{F171FE66-8F47-4C09-B126-1D114E4F3FC9}.Release|Any CPU.Build.0 = Release|Any CPU
		{8C9FBD46-A002-4907-BFD4-B9F00C4B8E65}.Debug|Any CPU.ActiveCfg = Debug|Any CPU
		{8C9FBD46-A002-4907-BFD4-B9F00C4B8E65}.Debug|Any CPU.Build.0 = Debug|Any CPU
		{8C9FBD46-A002-4907-BFD4-B9F00C4B8E65}.Release|Any CPU.ActiveCfg = Release|Any CPU
		{8C9FBD46-A002-4907-BFD4-B9F00C4B8E65}.Release|Any CPU.Build.0 = Release|Any CPU
	EndGlobalSection
	GlobalSection(SolutionProperties) = preSolution
		HideSolutionNode = FALSE
	EndGlobalSection
	GlobalSection(ExtensibilityGlobals) = postSolution
		SolutionGuid = {F107BA26-74A0-4D63-8F9F-EE33EF5A810C}
	EndGlobalSection
EndGlobal
